
Microsoft Visual Studio Solution File, Format Version 12.00
# Visual Studio Version 17
VisualStudioVersion = 17.4.33213.308
MinimumVisualStudioVersion = 10.0.40219.1
Project("{FAE04EC0-301F-11D3-BF4B-00C04F79EFBC}") = "BroniNedviz_Makarova", "BroniNedviz_Makarova\BroniNedviz_Makarova.csproj", "{7AEBC43B-4846-44F5-AC2A-0570332A3C24}"
EndProject
Global
	GlobalSection(SolutionConfigurationPlatforms) = preSolution
		Debug|Any CPU = Debug|Any CPU
		Release|Any CPU = Release|Any CPU
	EndGlobalSection
	GlobalSection(ProjectConfigurationPlatforms) = postSolution
		{7AEBC43B-4846-44F5-AC2A-0570332A3C24}.Debug|Any CPU.ActiveCfg = Debug|Any CPU
		{7AEBC43B-4846-44F5-AC2A-0570332A3C24}.Debug|Any CPU.Build.0 = Debug|Any CPU
		{7AEBC43B-4846-44F5-AC2A-0570332A3C24}.Release|Any CPU.ActiveCfg = Release|Any CPU
		{7AEBC43B-4846-44F5-AC2A-0570332A3C24}.Release|Any CPU.Build.0 = Release|Any CPU
	EndGlobalSection
	GlobalSection(SolutionProperties) = preSolution
		HideSolutionNode = FALSE
	EndGlobalSection
	GlobalSection(ExtensibilityGlobals) = postSolution
		SolutionGuid = {33BA1BD6-55D7-4215-B487-8987CE74C7D8}
	EndGlobalSection
EndGlobal
